
Microsoft Visual Studio Solution File, Format Version 12.00
# Visual Studio Version 17
VisualStudioVersion = 17.7.34024.191
MinimumVisualStudioVersion = 10.0.40219.1
Project("{9A19103F-16F7-4668-BE54-9A1E7A4F7556}") = "Allure.Net.Commons", "Allure.Net.Commons\Allure.Net.Commons.csproj", "{C84000AF-0B78-4E87-B99B-064E15C601C7}"
EndProject
Project("{9A19103F-16F7-4668-BE54-9A1E7A4F7556}") = "Allure.Net.Commons.Tests", "Allure.Net.Commons.Tests\Allure.Net.Commons.Tests.csproj", "{2E3DF5C2-8A38-4A03-86D7-8D463C917E47}"
EndProject
Project("{2150E333-8FDC-42A3-9474-1A3956D46DE8}") = "commons", "commons", "{E0035B29-14C0-4270-B11F-DD2544D37FF6}"
EndProject
Project("{2150E333-8FDC-42A3-9474-1A3956D46DE8}") = "specflow", "specflow", "{9AC8581F-7E9E-46B1-A30A-5A815966C820}"
EndProject
Project("{9A19103F-16F7-4668-BE54-9A1E7A4F7556}") = "Allure.SpecFlow", "Allure.SpecFlow\Allure.SpecFlow.csproj", "{ECEA4EB9-3871-4C3B-A821-C2F4EAF81D9A}"
EndProject
Project("{9A19103F-16F7-4668-BE54-9A1E7A4F7556}") = "Allure.SpecFlow.Tests", "Allure.SpecFlow.Tests\Allure.SpecFlow.Tests.csproj", "{69C462C3-E955-4B0C-9F1F-2ED5AE1BF270}"
EndProject
Project("{9A19103F-16F7-4668-BE54-9A1E7A4F7556}") = "Allure.SpecFlow.Tests.Samples", "Allure.SpecFlow.Tests.Samples\Allure.SpecFlow.Tests.Samples.csproj", "{9F2B97FF-6798-4A69-9520-CE3491396F3F}"
EndProject
Project("{2150E333-8FDC-42A3-9474-1A3956D46DE8}") = "allure-xunit", "allure-xunit", "{138A76FC-B163-423C-8FF8-D374F1C7EC2F}"
EndProject
Project("{9A19103F-16F7-4668-BE54-9A1E7A4F7556}") = "Allure.Xunit", "Allure.Xunit\Allure.Xunit.csproj", "{D278CE6B-F3D1-4FEF-BE5F-5AC6F6C53879}"
EndProject
Project("{9A19103F-16F7-4668-BE54-9A1E7A4F7556}") = "Allure.Xunit.Examples", "Allure.Xunit.Examples\Allure.Xunit.Examples.csproj", "{38CF463E-F564-477D-A853-407F0648E0DD}"
EndProject
Project("{2150E333-8FDC-42A3-9474-1A3956D46DE8}") = "allure-nunit", "allure-nunit", "{D0D75FDF-4884-4AC1-868F-B3F248CB74ED}"
EndProject
Project("{9A19103F-16F7-4668-BE54-9A1E7A4F7556}") = "Allure.NUnit", "Allure.NUnit\Allure.NUnit.csproj", "{81F804C5-C437-4079-9731-97C6A2A86C48}"
EndProject
Project("{9A19103F-16F7-4668-BE54-9A1E7A4F7556}") = "Allure.NUnit.Examples", "Allure.NUnit.Examples\Allure.NUnit.Examples.csproj", "{77893A8D-4313-4211-AFF1-642E866A07C7}"
EndProject
Project("{2150E333-8FDC-42A3-9474-1A3956D46DE8}") = "reqnroll", "reqnroll", "{0E4AE49E-2E8F-4A27-8E5F-9ADD41F29349}"
EndProject
Project("{9A19103F-16F7-4668-BE54-9A1E7A4F7556}") = "Allure.Reqnroll", "Allure.Reqnroll\Allure.Reqnroll.csproj", "{F8EAE54E-21B5-4260-BBF4-9A4E7A60BB4F}"
EndProject
Project("{2150E333-8FDC-42A3-9474-1A3956D46DE8}") = "Solution Items", "Solution Items", "{28DC4686-88DF-416F-A170-F3917C013136}"
	ProjectSection(SolutionItems) = preProject
		.gitignore = .gitignore
		AUTHORS = AUTHORS
		CODE_OF_CONDUCT.md = CODE_OF_CONDUCT.md
		Directory.Build.props = Directory.Build.props
		LICENSE = LICENSE
		README.md = README.md
	EndProjectSection
EndProject
Project("{2150E333-8FDC-42A3-9474-1A3956D46DE8}") = ".github", ".github", "{FD04A838-5AD5-417C-AD5B-1E5C4164AF62}"
	ProjectSection(SolutionItems) = preProject
		.github\CONTRIBUTING.md = .github\CONTRIBUTING.md
		.github\dependabot.yml = .github\dependabot.yml
		.github\ISSUE_TEMPLATE.md = .github\ISSUE_TEMPLATE.md
		.github\labeler.yml = .github\labeler.yml
		.github\PULL_REQUEST_TEMPLATE.md = .github\PULL_REQUEST_TEMPLATE.md
		.github\release.yml = .github\release.yml
	EndProjectSection
EndProject
Project("{2150E333-8FDC-42A3-9474-1A3956D46DE8}") = "workflows", "workflows", "{8A134D07-3424-4238-BD71-C5B7D35F6C36}"
	ProjectSection(SolutionItems) = preProject
		.github\workflows\build.yml = .github\workflows\build.yml
		.github\workflows\labeler.yml = .github\workflows\labeler.yml
		.github\workflows\labels-verify.yml = .github\workflows\labels-verify.yml
		.github\workflows\publish.yml = .github\workflows\publish.yml
		.github\workflows\release.yml = .github\workflows\release.yml
	EndProjectSection
EndProject
Project("{9A19103F-16F7-4668-BE54-9A1E7A4F7556}") = "Allure.Reqnroll.Tests.Samples", "Allure.Reqnroll.Tests.Samples\Allure.Reqnroll.Tests.Samples.csproj", "{BECABC99-B027-4644-BE59-02B1997A711B}"
EndProject
Project("{9A19103F-16F7-4668-BE54-9A1E7A4F7556}") = "Allure.Reqnroll.Tests", "Allure.Reqnroll.Tests\Allure.Reqnroll.Tests.csproj", "{D400FEDF-BD77-4643-827B-8ACC92B438FE}"
EndProject
Global
	GlobalSection(SolutionConfigurationPlatforms) = preSolution
		Debug|Any CPU = Debug|Any CPU
		Publish|Any CPU = Publish|Any CPU
		Release|Any CPU = Release|Any CPU
	EndGlobalSection
	GlobalSection(ProjectConfigurationPlatforms) = postSolution
		{C84000AF-0B78-4E87-B99B-064E15C601C7}.Debug|Any CPU.ActiveCfg = Debug|Any CPU
		{C84000AF-0B78-4E87-B99B-064E15C601C7}.Debug|Any CPU.Build.0 = Debug|Any CPU
		{C84000AF-0B78-4E87-B99B-064E15C601C7}.Publish|Any CPU.ActiveCfg = Release|Any CPU
		{C84000AF-0B78-4E87-B99B-064E15C601C7}.Publish|Any CPU.Build.0 = Release|Any CPU
		{C84000AF-0B78-4E87-B99B-064E15C601C7}.Release|Any CPU.ActiveCfg = Release|Any CPU
		{C84000AF-0B78-4E87-B99B-064E15C601C7}.Release|Any CPU.Build.0 = Release|Any CPU
		{2E3DF5C2-8A38-4A03-86D7-8D463C917E47}.Debug|Any CPU.ActiveCfg = Debug|Any CPU
		{2E3DF5C2-8A38-4A03-86D7-8D463C917E47}.Debug|Any CPU.Build.0 = Debug|Any CPU
		{2E3DF5C2-8A38-4A03-86D7-8D463C917E47}.Publish|Any CPU.ActiveCfg = Debug|Any CPU
		{2E3DF5C2-8A38-4A03-86D7-8D463C917E47}.Release|Any CPU.ActiveCfg = Release|Any CPU
		{2E3DF5C2-8A38-4A03-86D7-8D463C917E47}.Release|Any CPU.Build.0 = Release|Any CPU
		{ECEA4EB9-3871-4C3B-A821-C2F4EAF81D9A}.Debug|Any CPU.ActiveCfg = Debug|Any CPU
		{ECEA4EB9-3871-4C3B-A821-C2F4EAF81D9A}.Debug|Any CPU.Build.0 = Debug|Any CPU
		{ECEA4EB9-3871-4C3B-A821-C2F4EAF81D9A}.Publish|Any CPU.ActiveCfg = Release|Any CPU
		{ECEA4EB9-3871-4C3B-A821-C2F4EAF81D9A}.Publish|Any CPU.Build.0 = Release|Any CPU
		{ECEA4EB9-3871-4C3B-A821-C2F4EAF81D9A}.Release|Any CPU.ActiveCfg = Release|Any CPU
		{ECEA4EB9-3871-4C3B-A821-C2F4EAF81D9A}.Release|Any CPU.Build.0 = Release|Any CPU
		{69C462C3-E955-4B0C-9F1F-2ED5AE1BF270}.Debug|Any CPU.ActiveCfg = Debug|Any CPU
		{69C462C3-E955-4B0C-9F1F-2ED5AE1BF270}.Debug|Any CPU.Build.0 = Debug|Any CPU
		{69C462C3-E955-4B0C-9F1F-2ED5AE1BF270}.Publish|Any CPU.ActiveCfg = Debug|Any CPU
		{69C462C3-E955-4B0C-9F1F-2ED5AE1BF270}.Release|Any CPU.ActiveCfg = Release|Any CPU
		{69C462C3-E955-4B0C-9F1F-2ED5AE1BF270}.Release|Any CPU.Build.0 = Release|Any CPU
		{9F2B97FF-6798-4A69-9520-CE3491396F3F}.Debug|Any CPU.ActiveCfg = Debug|Any CPU
		{9F2B97FF-6798-4A69-9520-CE3491396F3F}.Debug|Any CPU.Build.0 = Debug|Any CPU
		{9F2B97FF-6798-4A69-9520-CE3491396F3F}.Publish|Any CPU.ActiveCfg = Debug|Any CPU
		{9F2B97FF-6798-4A69-9520-CE3491396F3F}.Release|Any CPU.ActiveCfg = Release|Any CPU
		{9F2B97FF-6798-4A69-9520-CE3491396F3F}.Release|Any CPU.Build.0 = Release|Any CPU
		{D278CE6B-F3D1-4FEF-BE5F-5AC6F6C53879}.Debug|Any CPU.ActiveCfg = Debug|Any CPU
		{D278CE6B-F3D1-4FEF-BE5F-5AC6F6C53879}.Debug|Any CPU.Build.0 = Debug|Any CPU
		{D278CE6B-F3D1-4FEF-BE5F-5AC6F6C53879}.Publish|Any CPU.ActiveCfg = Release|Any CPU
		{D278CE6B-F3D1-4FEF-BE5F-5AC6F6C53879}.Publish|Any CPU.Build.0 = Release|Any CPU
		{D278CE6B-F3D1-4FEF-BE5F-5AC6F6C53879}.Release|Any CPU.ActiveCfg = Release|Any CPU
		{D278CE6B-F3D1-4FEF-BE5F-5AC6F6C53879}.Release|Any CPU.Build.0 = Release|Any CPU
		{38CF463E-F564-477D-A853-407F0648E0DD}.Debug|Any CPU.ActiveCfg = Debug|Any CPU
		{38CF463E-F564-477D-A853-407F0648E0DD}.Debug|Any CPU.Build.0 = Debug|Any CPU
		{38CF463E-F564-477D-A853-407F0648E0DD}.Publish|Any CPU.ActiveCfg = Debug|Any CPU
		{38CF463E-F564-477D-A853-407F0648E0DD}.Release|Any CPU.ActiveCfg = Release|Any CPU
		{38CF463E-F564-477D-A853-407F0648E0DD}.Release|Any CPU.Build.0 = Release|Any CPU
		{81F804C5-C437-4079-9731-97C6A2A86C48}.Debug|Any CPU.ActiveCfg = Debug|Any CPU
		{81F804C5-C437-4079-9731-97C6A2A86C48}.Debug|Any CPU.Build.0 = Debug|Any CPU
		{81F804C5-C437-4079-9731-97C6A2A86C48}.Publish|Any CPU.ActiveCfg = Release|Any CPU
		{81F804C5-C437-4079-9731-97C6A2A86C48}.Publish|Any CPU.Build.0 = Release|Any CPU
		{81F804C5-C437-4079-9731-97C6A2A86C48}.Release|Any CPU.ActiveCfg = Release|Any CPU
		{81F804C5-C437-4079-9731-97C6A2A86C48}.Release|Any CPU.Build.0 = Release|Any CPU
		{77893A8D-4313-4211-AFF1-642E866A07C7}.Debug|Any CPU.ActiveCfg = Debug|Any CPU
		{77893A8D-4313-4211-AFF1-642E866A07C7}.Debug|Any CPU.Build.0 = Debug|Any CPU
		{77893A8D-4313-4211-AFF1-642E866A07C7}.Publish|Any CPU.ActiveCfg = Debug|Any CPU
		{77893A8D-4313-4211-AFF1-642E866A07C7}.Release|Any CPU.ActiveCfg = Release|Any CPU
		{77893A8D-4313-4211-AFF1-642E866A07C7}.Release|Any CPU.Build.0 = Release|Any CPU
		{F8EAE54E-21B5-4260-BBF4-9A4E7A60BB4F}.Debug|Any CPU.ActiveCfg = Debug|Any CPU
		{F8EAE54E-21B5-4260-BBF4-9A4E7A60BB4F}.Debug|Any CPU.Build.0 = Debug|Any CPU
		{F8EAE54E-21B5-4260-BBF4-9A4E7A60BB4F}.Publish|Any CPU.ActiveCfg = Release|Any CPU
		{F8EAE54E-21B5-4260-BBF4-9A4E7A60BB4F}.Publish|Any CPU.Build.0 = Release|Any CPU
		{F8EAE54E-21B5-4260-BBF4-9A4E7A60BB4F}.Release|Any CPU.ActiveCfg = Release|Any CPU
		{F8EAE54E-21B5-4260-BBF4-9A4E7A60BB4F}.Release|Any CPU.Build.0 = Release|Any CPU
		{BECABC99-B027-4644-BE59-02B1997A711B}.Debug|Any CPU.ActiveCfg = Debug|Any CPU
		{BECABC99-B027-4644-BE59-02B1997A711B}.Debug|Any CPU.Build.0 = Debug|Any CPU
		{BECABC99-B027-4644-BE59-02B1997A711B}.Publish|Any CPU.ActiveCfg = Release|Any CPU
		{BECABC99-B027-4644-BE59-02B1997A711B}.Release|Any CPU.ActiveCfg = Release|Any CPU
		{BECABC99-B027-4644-BE59-02B1997A711B}.Release|Any CPU.Build.0 = Release|Any CPU
		{D400FEDF-BD77-4643-827B-8ACC92B438FE}.Debug|Any CPU.ActiveCfg = Debug|Any CPU
		{D400FEDF-BD77-4643-827B-8ACC92B438FE}.Debug|Any CPU.Build.0 = Debug|Any CPU
		{D400FEDF-BD77-4643-827B-8ACC92B438FE}.Publish|Any CPU.ActiveCfg = Release|Any CPU
		{D400FEDF-BD77-4643-827B-8ACC92B438FE}.Release|Any CPU.ActiveCfg = Release|Any CPU
		{D400FEDF-BD77-4643-827B-8ACC92B438FE}.Release|Any CPU.Build.0 = Release|Any CPU
	EndGlobalSection
	GlobalSection(SolutionProperties) = preSolution
		HideSolutionNode = FALSE
	EndGlobalSection
	GlobalSection(NestedProjects) = preSolution
		{C84000AF-0B78-4E87-B99B-064E15C601C7} = {E0035B29-14C0-4270-B11F-DD2544D37FF6}
		{2E3DF5C2-8A38-4A03-86D7-8D463C917E47} = {E0035B29-14C0-4270-B11F-DD2544D37FF6}
		{ECEA4EB9-3871-4C3B-A821-C2F4EAF81D9A} = {9AC8581F-7E9E-46B1-A30A-5A815966C820}
		{69C462C3-E955-4B0C-9F1F-2ED5AE1BF270} = {9AC8581F-7E9E-46B1-A30A-5A815966C820}
		{9F2B97FF-6798-4A69-9520-CE3491396F3F} = {9AC8581F-7E9E-46B1-A30A-5A815966C820}
		{D278CE6B-F3D1-4FEF-BE5F-5AC6F6C53879} = {138A76FC-B163-423C-8FF8-D374F1C7EC2F}
		{38CF463E-F564-477D-A853-407F0648E0DD} = {138A76FC-B163-423C-8FF8-D374F1C7EC2F}
		{81F804C5-C437-4079-9731-97C6A2A86C48} = {D0D75FDF-4884-4AC1-868F-B3F248CB74ED}
		{77893A8D-4313-4211-AFF1-642E866A07C7} = {D0D75FDF-4884-4AC1-868F-B3F248CB74ED}
		{F8EAE54E-21B5-4260-BBF4-9A4E7A60BB4F} = {0E4AE49E-2E8F-4A27-8E5F-9ADD41F29349}
		{8A134D07-3424-4238-BD71-C5B7D35F6C36} = {FD04A838-5AD5-417C-AD5B-1E5C4164AF62}
		{BECABC99-B027-4644-BE59-02B1997A711B} = {0E4AE49E-2E8F-4A27-8E5F-9ADD41F29349}
		{D400FEDF-BD77-4643-827B-8ACC92B438FE} = {0E4AE49E-2E8F-4A27-8E5F-9ADD41F29349}
	EndGlobalSection
	GlobalSection(ExtensibilityGlobals) = postSolution
		SolutionGuid = {54ACFEA9-DB76-4FC0-B216-B8033996DB79}
	EndGlobalSection
EndGlobal
