<Solution>
  <Configurations>
    <BuildType Name="Debug" />
    <BuildType Name="Release" />
    <BuildType Name="Publish" />
  </Configurations>
  <Folder Name="/.github/">
    <File Path=".github/CONTRIBUTING.md" />
    <File Path=".github/dependabot.yml" />
    <File Path=".github/ISSUE_TEMPLATE.md" />
    <File Path=".github/labeler.yml" />
    <File Path=".github/PULL_REQUEST_TEMPLATE.md" />
    <File Path=".github/release.yml" />
  </Folder>
  <Folder Name="/.github/workflows/">
    <File Path=".github/workflows/test.yml" />
    <File Path=".github/workflows/labeler.yml" />
    <File Path=".github/workflows/labels-verify.yml" />
    <File Path=".github/workflows/publish.yml" />
    <File Path=".github/workflows/release.yml" />
  </Folder>
  <Folder Name="/build/">
    <File Path="build/findvstool.ps1" />
    <File Path="build/TransformReadmeForNuget.cs" />
    <Project Path="build/Allure.Build.SourceGenerators/Allure.Build.SourceGenerators.csproj">
      <Build Solution="Publish|*" Project="false" />
    </Project>
    <Project Path="build/Allure.Build.Tasks/Allure.Build.Tasks.csproj">
      <Build Solution="Publish|*" Project="false" />
    </Project>
  </Folder>
  <Folder Name="/build/AspectInjector/" />
  <Folder Name="/build/AspectInjector/win-x64/">
    <File Path="build/AspectInjector/win-x64/AspectInjector.exe" />
  </Folder>
  <Folder Name="/examples/">
    <Project Path="examples/Allure.NUnit.Examples/Allure.NUnit.Examples.csproj">
      <Build Solution="Publish|*" Project="false" />
    </Project>
    <Project Path="examples/Allure.Xunit.Examples/Allure.Xunit.Examples.csproj">
      <Build Solution="Publish|*" Project="false" />
    </Project>
  </Folder>
  <Folder Name="/img/">
    <File Path="img/Allure-Color.png" />
    <File Path="img/Allure-N-Color.png" />
    <File Path="img/allure-report_85.png" />
    <File Path="img/Allure-SF-Color.png" />
    <File Path="img/Allure-X-Color.png" />
  </Folder>
  <Folder Name="/src/">
    <Project Path="src/Allure.Net/Allure.Net.csproj">
      <BuildType Solution="Publish|*" Project="Release" />
    </Project>
    <Project Path="src/Allure.Net.Commons/Allure.Net.Commons.csproj">
      <BuildType Solution="Publish|*" Project="Release" />
    </Project>
    <Project Path="src/Allure.Net.Sdk/Allure.Net.Sdk.csproj">
      <BuildType Solution="Publish|*" Project="Release" />
    </Project>
    <Project Path="src/Allure.NUnit/Allure.NUnit.csproj">
      <BuildType Solution="Publish|*" Project="Release" />
    </Project>
    <Project Path="src/Allure.Reqnroll/Allure.Reqnroll.csproj">
      <BuildType Solution="Publish|*" Project="Release" />
    </Project>
    <Project Path="src/Allure.SpecFlow/Allure.SpecFlow.csproj">
      <BuildType Solution="Publish|*" Project="Release" />
    </Project>
    <Project Path="src/Allure.TestingPlatform/Allure.TestingPlatform.csproj">
      <BuildType Solution="Publish|*" Project="Release" />
    </Project>
    <Project Path="src/Allure.Xunit/Allure.Xunit.csproj">
      <BuildType Solution="Publish|*" Project="Release" />
    </Project>
    <Project Path="src/Allure.Xunit.v3/Allure.Xunit.v3.csproj">
      <BuildType Solution="Publish|*" Project="Release" />
    </Project>
    <Project Path="src/Allure.Xunit.v3.Generator/Allure.Xunit.v3.Generator.csproj">
      <BuildType Solution="Publish|*" Project="Release" />
    </Project>
  </Folder>
  <Folder Name="/tests/">
    <Project Path="tests/Allure.ConfigSchema.Tests/Allure.ConfigSchema.Tests.csproj">
      <Build Solution="Publish|*" Project="false" />
    </Project>
    <Project Path="tests/Allure.Net.Commons.Tests/Allure.Net.Commons.Tests.csproj">
      <Build Solution="Publish|*" Project="false" />
    </Project>
    <Project Path="tests/Allure.Net.Tests/Allure.Net.Tests.csproj">
      <Build Solution="Publish|*" Project="false" />
    </Project>
    <Project Path="tests/Allure.Net.Sdk.Tests/Allure.Net.Sdk.Tests.csproj">
      <Build Solution="Publish|*" Project="false" />
    </Project>
    <Project Path="tests/Allure.NUnit.Tests/Allure.NUnit.Tests.csproj">
      <Build Solution="Publish|*" Project="false" />
    </Project>
    <Project Path="tests/Allure.Reqnroll.Tests/Allure.Reqnroll.Tests.csproj">
      <Build Solution="Publish|*" Project="false" />
    </Project>
    <Project Path="tests/Allure.SpecFlow.Tests.Samples/Allure.SpecFlow.Tests.Samples.csproj">
      <Build Solution="Publish|*" Project="false" />
    </Project>
    <Project Path="tests/Allure.SpecFlow.Tests/Allure.SpecFlow.Tests.csproj">
      <Build Solution="Publish|*" Project="false" />
    </Project>
    <Project Path="tests/Allure.Reqnroll.Tests.Samples/Allure.Reqnroll.Tests.Samples.csproj">
      <Build Solution="Publish|*" Project="false" />
    </Project>
    <Project Path="tests/Allure.Testing/Allure.Testing.csproj">
      <Build Solution="Publish|*" Project="false" />
    </Project>
    <Project Path="tests/Allure.TestingPlatform.Tests/Allure.TestingPlatform.Tests.csproj">
      <Build Solution="Publish|*" Project="false" />
    </Project>
    <Project Path="tests/Allure.Xunit.Tests/Allure.Xunit.Tests.csproj">
      <Build Solution="Publish|*" Project="false" />
    </Project>
    <Project Path="tests/Allure.Xunit.v3.Tests/Allure.Xunit.v3.Tests.csproj">
      <Build Solution="Publish|*" Project="false" />
    </Project>
  </Folder>
  <Folder Name="/Solution Items/">
    <File Path=".gitignore" />
    <File Path="AUTHORS" />
    <File Path="CODE_OF_CONDUCT.md" />
    <File Path="Directory.Build.props" />
    <File Path="Directory.Build.targets" />
    <File Path="LICENSE" />
    <File Path="nuget.config" />
    <File Path="README.md" />
  </Folder>
</Solution>
