
Microsoft Visual Studio Solution File, Format Version 12.00
# Visual Studio 15
VisualStudioVersion = 15.0.26730.12
MinimumVisualStudioVersion = 10.0.40219.1
Project("{9A19103F-16F7-4668-BE54-9A1E7A4F7556}") = "Allure.Commons", "Allure.Commons\Allure.Commons.csproj", "{C84000AF-0B78-4E87-B99B-064E15C601C7}"
EndProject
Project("{FAE04EC0-301F-11D3-BF4B-00C04F79EFBC}") = "Allure.Commons.Tests", "Allure.Commons.Tests\Allure.Commons.Tests.csproj", "{FC0F675E-B488-4894-BFD2-FB99484A2BA1}"
EndProject
Project("{FAE04EC0-301F-11D3-BF4B-00C04F79EFBC}") = "Allure.Commons.Tests.Configuration", "Allure.Commons.Tests.Configuration\Allure.Commons.Tests.Configuration.csproj", "{50BA9453-0F74-4A0D-B354-D3605CC03922}"
EndProject
Global
	GlobalSection(SolutionConfigurationPlatforms) = preSolution
		Debug|Any CPU = Debug|Any CPU
		Release|Any CPU = Release|Any CPU
	EndGlobalSection
	GlobalSection(ProjectConfigurationPlatforms) = postSolution
		{C84000AF-0B78-4E87-B99B-064E15C601C7}.Debug|Any CPU.ActiveCfg = Debug|Any CPU
		{C84000AF-0B78-4E87-B99B-064E15C601C7}.Debug|Any CPU.Build.0 = Debug|Any CPU
		{C84000AF-0B78-4E87-B99B-064E15C601C7}.Release|Any CPU.ActiveCfg = Release|Any CPU
		{C84000AF-0B78-4E87-B99B-064E15C601C7}.Release|Any CPU.Build.0 = Release|Any CPU
		{FC0F675E-B488-4894-BFD2-FB99484A2BA1}.Debug|Any CPU.ActiveCfg = Debug|Any CPU
		{FC0F675E-B488-4894-BFD2-FB99484A2BA1}.Debug|Any CPU.Build.0 = Debug|Any CPU
		{FC0F675E-B488-4894-BFD2-FB99484A2BA1}.Release|Any CPU.ActiveCfg = Release|Any CPU
		{FC0F675E-B488-4894-BFD2-FB99484A2BA1}.Release|Any CPU.Build.0 = Release|Any CPU
		{50BA9453-0F74-4A0D-B354-D3605CC03922}.Debug|Any CPU.ActiveCfg = Debug|Any CPU
		{50BA9453-0F74-4A0D-B354-D3605CC03922}.Debug|Any CPU.Build.0 = Debug|Any CPU
		{50BA9453-0F74-4A0D-B354-D3605CC03922}.Release|Any CPU.ActiveCfg = Release|Any CPU
		{50BA9453-0F74-4A0D-B354-D3605CC03922}.Release|Any CPU.Build.0 = Release|Any CPU
	EndGlobalSection
	GlobalSection(SolutionProperties) = preSolution
		HideSolutionNode = FALSE
	EndGlobalSection
	GlobalSection(ExtensibilityGlobals) = postSolution
		SolutionGuid = {767A86A5-7056-4E81-8EF0-947C2CF69DD5}
	EndGlobalSection
EndGlobal
