
Microsoft Visual Studio Solution File, Format Version 12.00
# Visual Studio 15
VisualStudioVersion = 15.0.26730.12
MinimumVisualStudioVersion = 10.0.40219.1
Project("{9A19103F-16F7-4668-BE54-9A1E7A4F7556}") = "Allure.Net.Commons", "Allure.Net.Commons\Allure.Net.Commons.csproj", "{C84000AF-0B78-4E87-B99B-064E15C601C7}"
EndProject
Project("{9A19103F-16F7-4668-BE54-9A1E7A4F7556}") = "Allure.Net.Commons.Tests", "Allure.Net.Commons.Tests\Allure.Net.Commons.Tests.csproj", "{2E3DF5C2-8A38-4A03-86D7-8D463C917E47}"
EndProject
Project("{2150E333-8FDC-42A3-9474-1A3956D46DE8}") = "commons", "commons", "{E0035B29-14C0-4270-B11F-DD2544D37FF6}"
EndProject
Project("{2150E333-8FDC-42A3-9474-1A3956D46DE8}") = "specflow", "specflow", "{9AC8581F-7E9E-46B1-A30A-5A815966C820}"
EndProject
Project("{9A19103F-16F7-4668-BE54-9A1E7A4F7556}") = "Allure.SpecFlowPlugin", "Allure.SpecFlowPlugin\Allure.SpecFlowPlugin.csproj", "{ECEA4EB9-3871-4C3B-A821-C2F4EAF81D9A}"
EndProject
Project("{9A19103F-16F7-4668-BE54-9A1E7A4F7556}") = "Allure.SpecFlowPlugin.Tests", "Allure.SpecFlowPlugin.Tests\Allure.SpecFlowPlugin.Tests.csproj", "{69C462C3-E955-4B0C-9F1F-2ED5AE1BF270}"
EndProject
Project("{FAE04EC0-301F-11D3-BF4B-00C04F79EFBC}") = "Allure.Features", "Allure.Features\Allure.Features.csproj", "{9F2B97FF-6798-4A69-9520-CE3491396F3F}"
EndProject
Project("{2150E333-8FDC-42A3-9474-1A3956D46DE8}") = "allure-xunit", "allure-xunit", "{138A76FC-B163-423C-8FF8-D374F1C7EC2F}"
EndProject
Project("{FAE04EC0-301F-11D3-BF4B-00C04F79EFBC}") = "Allure.XUnit", "Allure.XUnit\Allure.XUnit.csproj", "{D278CE6B-F3D1-4FEF-BE5F-5AC6F6C53879}"
EndProject
Project("{FAE04EC0-301F-11D3-BF4B-00C04F79EFBC}") = "Allure.XUnit.Examples", "Allure.XUnit.Examples\Allure.XUnit.Examples.csproj", "{38CF463E-F564-477D-A853-407F0648E0DD}"
EndProject
Global
	GlobalSection(SolutionConfigurationPlatforms) = preSolution
		Adapters|Any CPU = Adapters|Any CPU
		Commons|Any CPU = Commons|Any CPU
		Debug|Any CPU = Debug|Any CPU
		Release|Any CPU = Release|Any CPU
	EndGlobalSection
	GlobalSection(ProjectConfigurationPlatforms) = postSolution
		{C84000AF-0B78-4E87-B99B-064E15C601C7}.Adapters|Any CPU.ActiveCfg = Release|Any CPU
		{C84000AF-0B78-4E87-B99B-064E15C601C7}.Commons|Any CPU.ActiveCfg = Release|Any CPU
		{C84000AF-0B78-4E87-B99B-064E15C601C7}.Commons|Any CPU.Build.0 = Release|Any CPU
		{C84000AF-0B78-4E87-B99B-064E15C601C7}.Debug|Any CPU.ActiveCfg = Debug|Any CPU
		{C84000AF-0B78-4E87-B99B-064E15C601C7}.Debug|Any CPU.Build.0 = Debug|Any CPU
		{C84000AF-0B78-4E87-B99B-064E15C601C7}.Release|Any CPU.ActiveCfg = Release|Any CPU
		{C84000AF-0B78-4E87-B99B-064E15C601C7}.Release|Any CPU.Build.0 = Release|Any CPU
		{2E3DF5C2-8A38-4A03-86D7-8D463C917E47}.Adapters|Any CPU.ActiveCfg = Release|Any CPU
		{2E3DF5C2-8A38-4A03-86D7-8D463C917E47}.Commons|Any CPU.ActiveCfg = Release|Any CPU
		{2E3DF5C2-8A38-4A03-86D7-8D463C917E47}.Commons|Any CPU.Build.0 = Release|Any CPU
		{2E3DF5C2-8A38-4A03-86D7-8D463C917E47}.Debug|Any CPU.ActiveCfg = Debug|Any CPU
		{2E3DF5C2-8A38-4A03-86D7-8D463C917E47}.Debug|Any CPU.Build.0 = Debug|Any CPU
		{2E3DF5C2-8A38-4A03-86D7-8D463C917E47}.Release|Any CPU.ActiveCfg = Release|Any CPU
		{2E3DF5C2-8A38-4A03-86D7-8D463C917E47}.Release|Any CPU.Build.0 = Release|Any CPU
		{ECEA4EB9-3871-4C3B-A821-C2F4EAF81D9A}.Adapters|Any CPU.ActiveCfg = Release|Any CPU
		{ECEA4EB9-3871-4C3B-A821-C2F4EAF81D9A}.Adapters|Any CPU.Build.0 = Release|Any CPU
		{ECEA4EB9-3871-4C3B-A821-C2F4EAF81D9A}.Commons|Any CPU.ActiveCfg = Release|Any CPU
		{ECEA4EB9-3871-4C3B-A821-C2F4EAF81D9A}.Debug|Any CPU.ActiveCfg = Debug|Any CPU
		{ECEA4EB9-3871-4C3B-A821-C2F4EAF81D9A}.Debug|Any CPU.Build.0 = Debug|Any CPU
		{ECEA4EB9-3871-4C3B-A821-C2F4EAF81D9A}.Release|Any CPU.ActiveCfg = Release|Any CPU
		{ECEA4EB9-3871-4C3B-A821-C2F4EAF81D9A}.Release|Any CPU.Build.0 = Release|Any CPU
		{69C462C3-E955-4B0C-9F1F-2ED5AE1BF270}.Adapters|Any CPU.ActiveCfg = Release|Any CPU
		{69C462C3-E955-4B0C-9F1F-2ED5AE1BF270}.Adapters|Any CPU.Build.0 = Release|Any CPU
		{69C462C3-E955-4B0C-9F1F-2ED5AE1BF270}.Commons|Any CPU.ActiveCfg = Release|Any CPU
		{69C462C3-E955-4B0C-9F1F-2ED5AE1BF270}.Debug|Any CPU.ActiveCfg = Debug|Any CPU
		{69C462C3-E955-4B0C-9F1F-2ED5AE1BF270}.Debug|Any CPU.Build.0 = Debug|Any CPU
		{69C462C3-E955-4B0C-9F1F-2ED5AE1BF270}.Release|Any CPU.ActiveCfg = Release|Any CPU
		{69C462C3-E955-4B0C-9F1F-2ED5AE1BF270}.Release|Any CPU.Build.0 = Release|Any CPU
		{9F2B97FF-6798-4A69-9520-CE3491396F3F}.Adapters|Any CPU.ActiveCfg = Release|Any CPU
		{9F2B97FF-6798-4A69-9520-CE3491396F3F}.Adapters|Any CPU.Build.0 = Release|Any CPU
		{9F2B97FF-6798-4A69-9520-CE3491396F3F}.Commons|Any CPU.ActiveCfg = Release|Any CPU
		{9F2B97FF-6798-4A69-9520-CE3491396F3F}.Debug|Any CPU.ActiveCfg = Debug|Any CPU
		{9F2B97FF-6798-4A69-9520-CE3491396F3F}.Debug|Any CPU.Build.0 = Debug|Any CPU
		{9F2B97FF-6798-4A69-9520-CE3491396F3F}.Release|Any CPU.ActiveCfg = Release|Any CPU
		{9F2B97FF-6798-4A69-9520-CE3491396F3F}.Release|Any CPU.Build.0 = Release|Any CPU
		{D278CE6B-F3D1-4FEF-BE5F-5AC6F6C53879}.Adapters|Any CPU.ActiveCfg = Debug|Any CPU
		{D278CE6B-F3D1-4FEF-BE5F-5AC6F6C53879}.Adapters|Any CPU.Build.0 = Debug|Any CPU
		{D278CE6B-F3D1-4FEF-BE5F-5AC6F6C53879}.Commons|Any CPU.ActiveCfg = Debug|Any CPU
		{D278CE6B-F3D1-4FEF-BE5F-5AC6F6C53879}.Commons|Any CPU.Build.0 = Debug|Any CPU
		{D278CE6B-F3D1-4FEF-BE5F-5AC6F6C53879}.Debug|Any CPU.ActiveCfg = Debug|Any CPU
		{D278CE6B-F3D1-4FEF-BE5F-5AC6F6C53879}.Debug|Any CPU.Build.0 = Debug|Any CPU
		{D278CE6B-F3D1-4FEF-BE5F-5AC6F6C53879}.Release|Any CPU.ActiveCfg = Release|Any CPU
		{D278CE6B-F3D1-4FEF-BE5F-5AC6F6C53879}.Release|Any CPU.Build.0 = Release|Any CPU
		{38CF463E-F564-477D-A853-407F0648E0DD}.Adapters|Any CPU.ActiveCfg = Debug|Any CPU
		{38CF463E-F564-477D-A853-407F0648E0DD}.Adapters|Any CPU.Build.0 = Debug|Any CPU
		{38CF463E-F564-477D-A853-407F0648E0DD}.Commons|Any CPU.ActiveCfg = Debug|Any CPU
		{38CF463E-F564-477D-A853-407F0648E0DD}.Commons|Any CPU.Build.0 = Debug|Any CPU
		{38CF463E-F564-477D-A853-407F0648E0DD}.Debug|Any CPU.ActiveCfg = Debug|Any CPU
		{38CF463E-F564-477D-A853-407F0648E0DD}.Debug|Any CPU.Build.0 = Debug|Any CPU
		{38CF463E-F564-477D-A853-407F0648E0DD}.Release|Any CPU.ActiveCfg = Release|Any CPU
		{38CF463E-F564-477D-A853-407F0648E0DD}.Release|Any CPU.Build.0 = Release|Any CPU
	EndGlobalSection
	GlobalSection(SolutionProperties) = preSolution
		HideSolutionNode = FALSE
	EndGlobalSection
	GlobalSection(NestedProjects) = preSolution
		{C84000AF-0B78-4E87-B99B-064E15C601C7} = {E0035B29-14C0-4270-B11F-DD2544D37FF6}
		{2E3DF5C2-8A38-4A03-86D7-8D463C917E47} = {E0035B29-14C0-4270-B11F-DD2544D37FF6}
		{ECEA4EB9-3871-4C3B-A821-C2F4EAF81D9A} = {9AC8581F-7E9E-46B1-A30A-5A815966C820}
		{69C462C3-E955-4B0C-9F1F-2ED5AE1BF270} = {9AC8581F-7E9E-46B1-A30A-5A815966C820}
		{9F2B97FF-6798-4A69-9520-CE3491396F3F} = {9AC8581F-7E9E-46B1-A30A-5A815966C820}
		{D278CE6B-F3D1-4FEF-BE5F-5AC6F6C53879} = {138A76FC-B163-423C-8FF8-D374F1C7EC2F}
		{38CF463E-F564-477D-A853-407F0648E0DD} = {138A76FC-B163-423C-8FF8-D374F1C7EC2F}
	EndGlobalSection
	GlobalSection(ExtensibilityGlobals) = postSolution
		SolutionGuid = {54ACFEA9-DB76-4FC0-B216-B8033996DB79}
	EndGlobalSection
EndGlobal
