
Microsoft Visual Studio Solution File, Format Version 12.00
# Visual Studio 15
VisualStudioVersion = 15.0.26606.0
MinimumVisualStudioVersion = 10.0.40219.1
Project("{9A19103F-16F7-4668-BE54-9A1E7A4F7556}") = "Allure.Commons", "Allure.Commons\Allure.Commons.csproj", "{C84000AF-0B78-4E87-B99B-064E15C601C7}"
EndProject
Project("{9A19103F-16F7-4668-BE54-9A1E7A4F7556}") = "Allure.Commons.Test", "Allure.Commons.Test\Allure.Commons.Test.csproj", "{2F396982-C9DB-48D5-A8DD-B058BC5A3F42}"
EndProject
Global
	GlobalSection(SolutionConfigurationPlatforms) = preSolution
		Debug|Any CPU = Debug|Any CPU
		Release|Any CPU = Release|Any CPU
	EndGlobalSection
	GlobalSection(ProjectConfigurationPlatforms) = postSolution
		{C84000AF-0B78-4E87-B99B-064E15C601C7}.Debug|Any CPU.ActiveCfg = Debug|Any CPU
		{C84000AF-0B78-4E87-B99B-064E15C601C7}.Debug|Any CPU.Build.0 = Debug|Any CPU
		{C84000AF-0B78-4E87-B99B-064E15C601C7}.Release|Any CPU.ActiveCfg = Release|Any CPU
		{C84000AF-0B78-4E87-B99B-064E15C601C7}.Release|Any CPU.Build.0 = Release|Any CPU
		{2F396982-C9DB-48D5-A8DD-B058BC5A3F42}.Debug|Any CPU.ActiveCfg = Debug|Any CPU
		{2F396982-C9DB-48D5-A8DD-B058BC5A3F42}.Debug|Any CPU.Build.0 = Debug|Any CPU
		{2F396982-C9DB-48D5-A8DD-B058BC5A3F42}.Release|Any CPU.ActiveCfg = Release|Any CPU
		{2F396982-C9DB-48D5-A8DD-B058BC5A3F42}.Release|Any CPU.Build.0 = Release|Any CPU
	EndGlobalSection
	GlobalSection(SolutionProperties) = preSolution
		HideSolutionNode = FALSE
	EndGlobalSection
EndGlobal
